
Microsoft Visual Studio Solution File, Format Version 12.00
# Visual Studio Version 16
VisualStudioVersion = 16.0.31702.278
MinimumVisualStudioVersion = 10.0.40219.1
Project("{8BC9CEB8-8B4A-11D0-8D11-00A0C91BC942}") = "PR8.1.4", "PR8.1.4\PR8.1.4.vcxproj", "{F03000B6-83F1-492F-A4A4-F3FC041A6F36}"
EndProject
Project("{8BC9CEB8-8B4A-11D0-8D11-00A0C91BC942}") = "UnitTest4", "UnitTest4\UnitTest4.vcxproj", "{87D7205B-8837-41AB-987D-3514C4B79247}"
EndProject
Global
	GlobalSection(SolutionConfigurationPlatforms) = preSolution
		Debug|x64 = Debug|x64
		Debug|x86 = Debug|x86
		Release|x64 = Release|x64
		Release|x86 = Release|x86
	EndGlobalSection
	GlobalSection(ProjectConfigurationPlatforms) = postSolution
		{F03000B6-83F1-492F-A4A4-F3FC041A6F36}.Debug|x64.ActiveCfg = Debug|x64
		{F03000B6-83F1-492F-A4A4-F3FC041A6F36}.Debug|x64.Build.0 = Debug|x64
		{F03000B6-83F1-492F-A4A4-F3FC041A6F36}.Debug|x86.ActiveCfg = Debug|Win32
		{F03000B6-83F1-492F-A4A4-F3FC041A6F36}.Debug|x86.Build.0 = Debug|Win32
		{F03000B6-83F1-492F-A4A4-F3FC041A6F36}.Release|x64.ActiveCfg = Release|x64
		{F03000B6-83F1-492F-A4A4-F3FC041A6F36}.Release|x64.Build.0 = Release|x64
		{F03000B6-83F1-492F-A4A4-F3FC041A6F36}.Release|x86.ActiveCfg = Release|Win32
		{F03000B6-83F1-492F-A4A4-F3FC041A6F36}.Release|x86.Build.0 = Release|Win32
		{87D7205B-8837-41AB-987D-3514C4B79247}.Debug|x64.ActiveCfg = Debug|x64
		{87D7205B-8837-41AB-987D-3514C4B79247}.Debug|x64.Build.0 = Debug|x64
		{87D7205B-8837-41AB-987D-3514C4B79247}.Debug|x86.ActiveCfg = Debug|Win32
		{87D7205B-8837-41AB-987D-3514C4B79247}.Debug|x86.Build.0 = Debug|Win32
		{87D7205B-8837-41AB-987D-3514C4B79247}.Release|x64.ActiveCfg = Release|x64
		{87D7205B-8837-41AB-987D-3514C4B79247}.Release|x64.Build.0 = Release|x64
		{87D7205B-8837-41AB-987D-3514C4B79247}.Release|x86.ActiveCfg = Release|Win32
		{87D7205B-8837-41AB-987D-3514C4B79247}.Release|x86.Build.0 = Release|Win32
	EndGlobalSection
	GlobalSection(SolutionProperties) = preSolution
		HideSolutionNode = FALSE
	EndGlobalSection
	GlobalSection(ExtensibilityGlobals) = postSolution
		SolutionGuid = {F643F53D-25C0-443F-8E96-F9F3F47F7A23}
	EndGlobalSection
EndGlobal
